schema: '2.0'
stages:
  data_load:
    cmd: python src/dumbo/stages/data_load.py --config=params.yaml
    deps:
    - path: src/dumbo/stages/data_load.py
      md5: ff4ffa206b10af9a8a62682a81d67b3c
      size: 1093
    params:
      params.yaml:
        base:
          random_state: 1492
          log_level: INFO
        data_load:
          dataset_csv: C:/Users/mxmd/Desktop/dvc learning projects/course-ds-base/data/raw/iris.csv
    outs:
    - path: data/raw/iris.csv
      md5: 4224576f0267bf88902f87f0f6200967
      size: 2908
  featurize:
    cmd: python src/dumbo/stages/featurize.py --config=params.yaml
    deps:
    - path: data/raw/iris.csv
      md5: 4224576f0267bf88902f87f0f6200967
      size: 2908
    - path: src/dumbo/stages/featurize.py
      md5: 80636166a54bece672c8bbf545075634
      size: 1483
    params:
      params.yaml:
        base:
          random_state: 1492
          log_level: INFO
        data_load:
          dataset_csv: C:/Users/mxmd/Desktop/dvc learning projects/course-ds-base/data/raw/iris.csv
        featurize:
          features_path: C:/Users/mxmd/Desktop/dvc learning projects/course-ds-base/data/processed/featured_iris.csv
          target_column: target
    outs:
    - path: data/processed/featured_iris.csv
      md5: 5d03a1564b3038fc35a842f8e4bde491
      size: 7411
  data_split:
    cmd: python src/dumbo/stages/data_split.py --config=params.yaml
    deps:
    - path: data/processed/featured_iris.csv
      md5: 5d03a1564b3038fc35a842f8e4bde491
      size: 7411
    - path: src/dumbo/stages/data_split.py
      md5: f6d9acfe64a09be61685e2fdd5d7ebba
      size: 1375
    params:
      params.yaml:
        base:
          random_state: 1492
          log_level: INFO
        data_split:
          test_size: 0.2
          trainset_path: C:/Users/mxmd/Desktop/dvc learning projects/course-ds-base/data/processed/train_iris.csv
          testset_path: C:/Users/mxmd/Desktop/dvc learning projects/course-ds-base/data/processed/test_iris.csv
        featurize:
          features_path: C:/Users/mxmd/Desktop/dvc learning projects/course-ds-base/data/processed/featured_iris.csv
          target_column: target
    outs:
    - path: data/processed/test_iris.csv
      hash: md5
      md5: f106c388c7209e82fdded5bda2d76d26
      size: 1533
    - path: data/processed/train_iris.csv
      hash: md5
      md5: 5a3e4736325d62023a0bdbf6eb7eb2d9
      size: 5835
  train:
    cmd: python src/dumbo/stages/train.py --config=params.yaml
    deps:
    - path: data/processed/train_iris.csv
      hash: md5
      md5: 5a3e4736325d62023a0bdbf6eb7eb2d9
      size: 5835
    - path: src/dumbo/stages/train.py
      md5: 6b2aa9168f9d10ba2dcaa6fd2396d190
      size: 1499
    params:
      params.yaml:
        base:
          random_state: 1492
          log_level: INFO
        data_split.trainset_path: C:/Users/mxmd/Desktop/dvc learning projects/course-ds-base/data/processed/train_iris.csv
        featurize.target_column: target
        train:
          cv: 4
          estimator_name: logreg
          estimators:
            logreg:
              param_grid:
                C:
                - 0.05
                max_iter:
                - 150
                solver:
                - lbfgs
                multi_class:
                - multinomial
            svm:
              param_grid:
                C:
                - 0.1
                - 1.0
                kernel:
                - rbf
                - linear
                gamma:
                - scale
                degree:
                - 3
                - 5
          model_path: C:/Users/mxmd/Desktop/dvc learning projects/course-ds-base/models/model.joblib
    outs:
    - path: models/model.joblib
      hash: md5
      md5: 2be9538e8b270fd54ecb75b1ad421de1
      size: 2995
  evaluate:
    cmd: python src/dumbo/stages/evaluate.py --config=params.yaml
    deps:
    - path: data/processed/test_iris.csv
      hash: md5
      md5: f106c388c7209e82fdded5bda2d76d26
      size: 1533
    - path: models/model.joblib
      hash: md5
      md5: 2be9538e8b270fd54ecb75b1ad421de1
      size: 2995
    - path: src/dumbo/stages/evaluate.py
      md5: d8dcb5d6c2b7e0abf99dfec8d17fc7e4
      size: 3195
    params:
      params.yaml:
        base:
          random_state: 1492
          log_level: INFO
        data_split.testset_path: C:/Users/mxmd/Desktop/dvc learning projects/course-ds-base/data/processed/test_iris.csv
        evaluate:
          reports_dir: C:/Users/mxmd/Desktop/dvc learning projects/course-ds-base/reports
          metrics_file: metrics.json
          confusion_matrix_image: confusion_matrix.png
          confusion_matrix_data: confusion_matrix_data.csv
        featurize.target_column: target
    outs:
    - path: reports/confusion_matrix.png
      hash: md5
      md5: c1058fa123ea8052360d640c1182ad27
      size: 25139
    - path: reports/confusion_matrix_data.csv
      hash: md5
      md5: 9ed0eb747d9c9f17f2295d02cbb6924a
      size: 603
    - path: reports/metrics.json
      hash: md5
      md5: 4c588bf7c5a7f19a60d7ee8bca6fa5fe
      size: 32
